{
  "object": {
    "pins": [
      {
        "package": "Cdns_sd",
        "repositoryURL": "https://github.com/Bouke/Cdns_sd.git",
        "state": {
          "branch": null,
          "revision": "b6dce342895400d0cd86726ad0fcdcad7abc6137",
          "version": "2.0.0"
        }
      },
      {
        "package": "NetService",
        "repositoryURL": "https://github.com/Bouke/NetService.git",
        "state": {
          "branch": null,
          "revision": "ade5b7bac667f91da62dfbbdb918aa748ce06bc0",
          "version": "0.7.0"
        }
      }
    ]
  },
  "version": 1
}
